PODS:
  - "app_settings (3.0.0+1)":
    - Flutter
  - bangla_utilities (0.0.1):
    - Flutter
  - Flutter (1.0.0)
  - geocoding (1.0.5):
    - Flutter
  - location (0.0.1):
    - Flutter
  - url_launcher (0.0.1):
    - Flutter

DEPENDENCIES:
  - app_settings (from `.symlinks/plugins/app_settings/ios`)
  - bangla_utilities (from `.symlinks/plugins/bangla_utilities/ios`)
  - Flutter (from `Flutter`)
  - geocoding (from `.symlinks/plugins/geocoding/ios`)
  - location (from `.symlinks/plugins/location/ios`)
  - url_launcher (from `.symlinks/plugins/url_launcher/ios`)

EXTERNAL SOURCES:
  app_settings:
    :path: ".symlinks/plugins/app_settings/ios"
  bangla_utilities:
    :path: ".symlinks/plugins/bangla_utilities/ios"
  Flutter:
    :path: Flutter
  geocoding:
    :path: ".symlinks/plugins/geocoding/ios"
  location:
    :path: ".symlinks/plugins/location/ios"
  url_launcher:
    :path: ".symlinks/plugins/url_launcher/ios"

SPEC CHECKSUMS:
  app_settings: d103828c9f5d515c4df9ee754dabd443f7cedcf3
  bangla_utilities: 2cb0725075dacf7e1261e570807afbd5eb4e5b9c
  Flutter: 0e3d915762c693b495b44d77113d4970485de6ec
  geocoding: 32cfcdb16d38d907caaba65e2e42ad10d38bee58
  location: 3a2eed4dd2fab25e7b7baf2a9efefe82b512d740
  url_launcher: 6fef411d543ceb26efce54b05a0a40bfd74cbbef

PODFILE CHECKSUM: aafe91acc616949ddb318b77800a7f51bffa2a4c

COCOAPODS: 1.9.3
